// !$*UTF8*$!
{
	archiveVersion = 1;
	classes = {
	};
	objectVersion = 50;
	objects = {

/* Begin PBXBuildFile section */
		AD73C7B92555131C00CE081F /* AppDelegate.swift in Sources */ = {isa = PBXBuildFile; fileRef = AD73C7B82555131C00CE081F /* AppDelegate.swift */; };
		AD73C7BF2555131D00CE081F /* Assets.xcassets in Resources */ = {isa = PBXBuildFile; fileRef = AD73C7BE2555131D00CE081F /* Assets.xcassets */; };
		AD73C7C22555131D00CE081F /* Preview Assets.xcassets in Resources */ = {isa = PBXBuildFile; fileRef = AD73C7C12555131D00CE081F /* Preview Assets.xcassets */; };
		AD73C7C52555131D00CE081F /* LaunchScreen.storyboard in Resources */ = {isa = PBXBuildFile; fileRef = AD73C7C32555131D00CE081F /* LaunchScreen.storyboard */; };
		AD73C7D02555131E00CE081F /* ParticleTests.swift in Sources */ = {isa = PBXBuildFile; fileRef = AD73C7CF2555131E00CE081F /* ParticleTests.swift */; };
		AD73C7DB2555131E00CE081F /* ParticleUITests.swift in Sources */ = {isa = PBXBuildFile; fileRef = AD73C7DA2555131E00CE081F /* ParticleUITests.swift */; };
		AD73C7E92555153C00CE081F /* ContentView.swift in Sources */ = {isa = PBXBuildFile; fileRef = AD73C7E82555153C00CE081F /* ContentView.swift */; };
		AD73C7EB255516B900CE081F /* main.swift in Sources */ = {isa = PBXBuildFile; fileRef = AD73C7EA255516B900CE081F /* main.swift */; };
		AD73C7ED2555183E00CE081F /* Render.swift in Sources */ = {isa = PBXBuildFile; fileRef = AD73C7EC2555183E00CE081F /* Render.swift */; };
		AD73C7EF255519B900CE081F /* Shader.metal in Sources */ = {isa = PBXBuildFile; fileRef = AD73C7EE255519B900CE081F /* Shader.metal */; };
/* End PBXBuildFile section */

/* Begin PBXContainerItemProxy section */
		AD73C7CC2555131E00CE081F /* PBXContainerItemProxy */ = {
			isa = PBXContainerItemProxy;
			containerPortal = AD73C7AD2555131B00CE081F /* Project object */;
			proxyType = 1;
			remoteGlobalIDString = AD73C7B42555131B00CE081F;
			remoteInfo = Particle;
		};
		AD73C7D72555131E00CE081F /* PBXContainerItemProxy */ = {
			isa = PBXContainerItemProxy;
			containerPortal = AD73C7AD2555131B00CE081F /* Project object */;
			proxyType = 1;
			remoteGlobalIDString = AD73C7B42555131B00CE081F;
			remoteInfo = Particle;
		};
/* End PBXContainerItemProxy section */

/* Begin PBXFileReference section */
		AD73C7B52555131B00CE081F /* Particle.app */ = {isa = PBXFileReference; explicitFileType = wrapper.application; includeInIndex = 0; path = Particle.app; sourceTree = BUILT_PRODUCTS_DIR; };
		AD73C7B82555131C00CE081F /* AppDelegate.swift */ = {isa = PBXFileReference; lastKnownFileType = sourcecode.swift; path = AppDelegate.swift; sourceTree = "<group>"; };
		AD73C7BE2555131D00CE081F /* Assets.xcassets */ = {isa = PBXFileReference; lastKnownFileType = folder.assetcatalog; path = Assets.xcassets; sourceTree = "<group>"; };
		AD73C7C12555131D00CE081F /* Preview Assets.xcassets */ = {isa = PBXFileReference; lastKnownFileType = folder.assetcatalog; path = "Preview Assets.xcassets"; sourceTree = "<group>"; };
		AD73C7C42555131D00CE081F /* Base */ = {isa = PBXFileReference; lastKnownFileType = file.storyboard; name = Base; path = Base.lproj/LaunchScreen.storyboard; sourceTree = "<group>"; };
		AD73C7C62555131D00CE081F /* Info.plist */ = {isa = PBXFileReference; lastKnownFileType = text.plist.xml; path = Info.plist; sourceTree = "<group>"; };
		AD73C7CB2555131E00CE081F /* ParticleTests.xctest */ = {isa = PBXFileReference; explicitFileType = wrapper.cfbundle; includeInIndex = 0; path = ParticleTests.xctest; sourceTree = BUILT_PRODUCTS_DIR; };
		AD73C7CF2555131E00CE081F /* ParticleTests.swift */ = {isa = PBXFileReference; lastKnownFileType = sourcecode.swift; path = ParticleTests.swift; sourceTree = "<group>"; };
		AD73C7D12555131E00CE081F /* Info.plist */ = {isa = PBXFileReference; lastKnownFileType = text.plist.xml; path = Info.plist; sourceTree = "<group>"; };
		AD73C7D62555131E00CE081F /* ParticleUITests.xctest */ = {isa = PBXFileReference; explicitFileType = wrapper.cfbundle; includeInIndex = 0; path = ParticleUITests.xctest; sourceTree = BUILT_PRODUCTS_DIR; };
		AD73C7DA2555131E00CE081F /* ParticleUITests.swift */ = {isa = PBXFileReference; lastKnownFileType = sourcecode.swift; path = ParticleUITests.swift; sourceTree = "<group>"; };
		AD73C7DC2555131E00CE081F /* Info.plist */ = {isa = PBXFileReference; lastKnownFileType = text.plist.xml; path = Info.plist; sourceTree = "<group>"; };
		AD73C7E82555153C00CE081F /* ContentView.swift */ = {isa = PBXFileReference; lastKnownFileType = sourcecode.swift; name = ContentView.swift; path = ../ContentView.swift; sourceTree = "<group>"; };
		AD73C7EA255516B900CE081F /* main.swift */ = {isa = PBXFileReference; lastKnownFileType = sourcecode.swift; path = main.swift; sourceTree = "<group>"; };
		AD73C7EC2555183E00CE081F /* Render.swift */ = {isa = PBXFileReference; lastKnownFileType = sourcecode.swift; path = Render.swift; sourceTree = "<group>"; };
		AD73C7EE255519B900CE081F /* Shader.metal */ = {isa = PBXFileReference; lastKnownFileType = sourcecode.metal; path = Shader.metal; sourceTree = "<group>"; };
/* End PBXFileReference section */

/* Begin PBXFrameworksBuildPhase section */
		AD73C7B22555131B00CE081F /* Frameworks */ = {
			isa = PBXFrameworksBuildPhase;
			buildActionMask = 2147483647;
			files = (
			);
			runOnlyForDeploymentPostprocessing = 0;
		};
		AD73C7C82555131E00CE081F /* Frameworks */ = {
			isa = PBXFrameworksBuildPhase;
			buildActionMask = 2147483647;
			files = (
			);
			runOnlyForDeploymentPostprocessing = 0;
		};
		AD73C7D32555131E00CE081F /* Frameworks */ = {
			isa = PBXFrameworksBuildPhase;
			buildActionMask = 2147483647;
			files = (
			);
			runOnlyForDeploymentPostprocessing = 0;
		};
/* End PBXFrameworksBuildPhase section */

/* Begin PBXGroup section */
		AD73C7AC2555131B00CE081F = {
			isa = PBXGroup;
			children = (
				AD73C7B72555131B00CE081F /* Particle */,
				AD73C7CE2555131E00CE081F /* ParticleTests */,
				AD73C7D92555131E00CE081F /* ParticleUITests */,
				AD73C7B62555131B00CE081F /* Products */,
			);
			sourceTree = "<group>";
		};
		AD73C7B62555131B00CE081F /* Products */ = {
			isa = PBXGroup;
			children = (
				AD73C7B52555131B00CE081F /* Particle.app */,
				AD73C7CB2555131E00CE081F /* ParticleTests.xctest */,
				AD73C7D62555131E00CE081F /* ParticleUITests.xctest */,
			);
			name = Products;
			sourceTree = "<group>";
		};
		AD73C7B72555131B00CE081F /* Particle */ = {
			isa = PBXGroup;
			children = (
				AD73C7EA255516B900CE081F /* main.swift */,
				AD73C7B82555131C00CE081F /* AppDelegate.swift */,
				AD73C7E82555153C00CE081F /* ContentView.swift */,
				AD73C7EC2555183E00CE081F /* Render.swift */,
				AD73C7EE255519B900CE081F /* Shader.metal */,
				AD73C7BE2555131D00CE081F /* Assets.xcassets */,
				AD73C7C32555131D00CE081F /* LaunchScreen.storyboard */,
				AD73C7C62555131D00CE081F /* Info.plist */,
				AD73C7C02555131D00CE081F /* Preview Content */,
			);
			path = Particle;
			sourceTree = "<group>";
		};
		AD73C7C02555131D00CE081F /* Preview Content */ = {
			isa = PBXGroup;
			children = (
				AD73C7C12555131D00CE081F /* Preview Assets.xcassets */,
			);
			path = "Preview Content";
			sourceTree = "<group>";
		};
		AD73C7CE2555131E00CE081F /* ParticleTests */ = {
			isa = PBXGroup;
			children = (
				AD73C7CF2555131E00CE081F /* ParticleTests.swift */,
				AD73C7D12555131E00CE081F /* Info.plist */,
			);
			path = ParticleTests;
			sourceTree = "<group>";
		};
		AD73C7D92555131E00CE081F /* ParticleUITests */ = {
			isa = PBXGroup;
			children = (
				AD73C7DA2555131E00CE081F /* ParticleUITests.swift */,
				AD73C7DC2555131E00CE081F /* Info.plist */,
			);
			path = ParticleUITests;
			sourceTree = "<group>";
		};
/* End PBXGroup section */

/* Begin PBXNativeTarget section */
		AD73C7B42555131B00CE081F /* Particle */ = {
			isa = PBXNativeTarget;
			buildConfigurationList = AD73C7DF2555131E00CE081F /* Build configuration list for PBXNativeTarget "Particle" */;
			buildPhases = (
				AD73C7B12555131B00CE081F /* Sources */,
				AD73C7B22555131B00CE081F /* Frameworks */,
				AD73C7B32555131B00CE081F /* Resources */,
			);
			buildRules = (
			);
			dependencies = (
			);
			name = Particle;
			productName = Particle;
			productReference = AD73C7B52555131B00CE081F /* Particle.app */;
			productType = "com.apple.product-type.application";
		};
		AD73C7CA2555131E00CE081F /* ParticleTests */ = {
			isa = PBXNativeTarget;
			buildConfigurationList = AD73C7E22555131E00CE081F /* Build configuration list for PBXNativeTarget "ParticleTests" */;
			buildPhases = (
				AD73C7C72555131E00CE081F /* Sources */,
				AD73C7C82555131E00CE081F /* Frameworks */,
				AD73C7C92555131E00CE081F /* Resources */,
			);
			buildRules = (
			);
			dependencies = (
				AD73C7CD2555131E00CE081F /* PBXTargetDependency */,
			);
			name = ParticleTests;
			productName = ParticleTests;
			productReference = AD73C7CB2555131E00CE081F /* ParticleTests.xctest */;
			productType = "com.apple.product-type.bundle.unit-test";
		};
		AD73C7D52555131E00CE081F /* ParticleUITests */ = {
			isa = PBXNativeTarget;
			buildConfigurationList = AD73C7E52555131E00CE081F /* Build configuration list for PBXNativeTarget "ParticleUITests" */;
			buildPhases = (
				AD73C7D22555131E00CE081F /* Sources */,
				AD73C7D32555131E00CE081F /* Frameworks */,
				AD73C7D42555131E00CE081F /* Resources */,
			);
			buildRules = (
			);
			dependencies = (
				AD73C7D82555131E00CE081F /* PBXTargetDependency */,
			);
			name = ParticleUITests;
			productName = ParticleUITests;
			productReference = AD73C7D62555131E00CE081F /* ParticleUITests.xctest */;
			productType = "com.apple.product-type.bundle.ui-testing";
		};
/* End PBXNativeTarget section */

/* Begin PBXProject section */
		AD73C7AD2555131B00CE081F /* Project object */ = {
			isa = PBXProject;
			attributes = {
				LastSwiftUpdateCheck = 1170;
				LastUpgradeCheck = 1170;
				ORGANIZATIONNAME = Demian;
				TargetAttributes = {
					AD73C7B42555131B00CE081F = {
						CreatedOnToolsVersion = 11.7;
					};
					AD73C7CA2555131E00CE081F = {
						CreatedOnToolsVersion = 11.7;
						TestTargetID = AD73C7B42555131B00CE081F;
					};
					AD73C7D52555131E00CE081F = {
						CreatedOnToolsVersion = 11.7;
						TestTargetID = AD73C7B42555131B00CE081F;
					};
				};
			};
			buildConfigurationList = AD73C7B02555131B00CE081F /* Build configuration list for PBXProject "Particle" */;
			compatibilityVersion = "Xcode 9.3";
			developmentRegion = en;
			hasScannedForEncodings = 0;
			knownRegions = (
				en,
				Base,
			);
			mainGroup = AD73C7AC2555131B00CE081F;
			productRefGroup = AD73C7B62555131B00CE081F /* Products */;
			projectDirPath = "";
			projectRoot = "";
			targets = (
				AD73C7B42555131B00CE081F /* Particle */,
				AD73C7CA2555131E00CE081F /* ParticleTests */,
				AD73C7D52555131E00CE081F /* ParticleUITests */,
			);
		};
/* End PBXProject section */

/* Begin PBXResourcesBuildPhase section */
		AD73C7B32555131B00CE081F /* Resources */ = {
			isa = PBXResourcesBuildPhase;
			buildActionMask = 2147483647;
			files = (
				AD73C7C52555131D00CE081F /* LaunchScreen.storyboard in Resources */,
				AD73C7C22555131D00CE081F /* Preview Assets.xcassets in Resources */,
				AD73C7BF2555131D00CE081F /* Assets.xcassets in Resources */,
			);
			runOnlyForDeploymentPostprocessing = 0;
		};
		AD73C7C92555131E00CE081F /* Resources */ = {
			isa = PBXResourcesBuildPhase;
			buildActionMask = 2147483647;
			files = (
			);
			runOnlyForDeploymentPostprocessing = 0;
		};
		AD73C7D42555131E00CE081F /* Resources */ = {
			isa = PBXResourcesBuildPhase;
			buildActionMask = 2147483647;
			files = (
			);
			runOnlyForDeploymentPostprocessing = 0;
		};
/* End PBXResourcesBuildPhase section */

/* Begin PBXSourcesBuildPhase section */
		AD73C7B12555131B00CE081F /* Sources */ = {
			isa = PBXSourcesBuildPhase;
			buildActionMask = 2147483647;
			files = (
				AD73C7B92555131C00CE081F /* AppDelegate.swift in Sources */,
				AD73C7E92555153C00CE081F /* ContentView.swift in Sources */,
				AD73C7EB255516B900CE081F /* main.swift in Sources */,
				AD73C7EF255519B900CE081F /* Shader.metal in Sources */,
				AD73C7ED2555183E00CE081F /* Render.swift in Sources */,
			);
			runOnlyForDeploymentPostprocessing = 0;
		};
		AD73C7C72555131E00CE081F /* Sources */ = {
			isa = PBXSourcesBuildPhase;
			buildActionMask = 2147483647;
			files = (
				AD73C7D02555131E00CE081F /* ParticleTests.swift in Sources */,
			);
			runOnlyForDeploymentPostprocessing = 0;
		};
		AD73C7D22555131E00CE081F /* Sources */ = {
			isa = PBXSourcesBuildPhase;
			buildActionMask = 2147483647;
			files = (
				AD73C7DB2555131E00CE081F /* ParticleUITests.swift in Sources */,
			);
			runOnlyForDeploymentPostprocessing = 0;
		};
/* End PBXSourcesBuildPhase section */

/* Begin PBXTargetDependency section */
		AD73C7CD2555131E00CE081F /* PBXTargetDependency */ = {
			isa = PBXTargetDependency;
			target = AD73C7B42555131B00CE081F /* Particle */;
			targetProxy = AD73C7CC2555131E00CE081F /* PBXContainerItemProxy */;
		};
		AD73C7D82555131E00CE081F /* PBXTargetDependency */ = {
			isa = PBXTargetDependency;
			target = AD73C7B42555131B00CE081F /* Particle */;
			targetProxy = AD73C7D72555131E00CE081F /* PBXContainerItemProxy */;
		};
/* End PBXTargetDependency section */

/* Begin PBXVariantGroup section */
		AD73C7C32555131D00CE081F /* LaunchScreen.storyboard */ = {
			isa = PBXVariantGroup;
			children = (
				AD73C7C42555131D00CE081F /* Base */,
			);
			name = LaunchScreen.storyboard;
			sourceTree = "<group>";
		};
/* End PBXVariantGroup section */

/* Begin XCBuildConfiguration section */
		AD73C7DD2555131E00CE081F /* Debug */ = {
			isa = XCBuildConfiguration;
			buildSettings = {
				ALWAYS_SEARCH_USER_PATHS = NO;
				CLANG_ANALYZER_NONNULL = YES;
				CLANG_ANALYZER_NUMBER_OBJECT_CONVERSION = YES_AGGRESSIVE;
				CLANG_CXX_LANGUAGE_STANDARD = "gnu++14";
				CLANG_CXX_LIBRARY = "libc++";
				CLANG_ENABLE_MODULES = YES;
				CLANG_ENABLE_OBJC_ARC = YES;
				CLANG_ENABLE_OBJC_WEAK = YES;
				CLANG_WARN_BLOCK_CAPTURE_AUTORELEASING = YES;
				CLANG_WARN_BOOL_CONVERSION = YES;
				CLANG_WARN_COMMA = YES;
				CLANG_WARN_CONSTANT_CONVERSION = YES;
				CLANG_WARN_DEPRECATED_OBJC_IMPLEMENTATIONS = YES;
				CLANG_WARN_DIRECT_OBJC_ISA_USAGE = YES_ERROR;
				CLANG_WARN_DOCUMENTATION_COMMENTS = YES;
				CLANG_WARN_EMPTY_BODY = YES;
				CLANG_WARN_ENUM_CONVERSION = YES;
				CLANG_WARN_INFINITE_RECURSION = YES;
				CLANG_WARN_INT_CONVERSION = YES;
				CLANG_WARN_NON_LITERAL_NULL_CONVERSION = YES;
				CLANG_WARN_OBJC_IMPLICIT_RETAIN_SELF = YES;
				CLANG_WARN_OBJC_LITERAL_CONVERSION = YES;
				CLANG_WARN_OBJC_ROOT_CLASS = YES_ERROR;
				CLANG_WARN_RANGE_LOOP_ANALYSIS = YES;
				CLANG_WARN_STRICT_PROTOTYPES = YES;
				CLANG_WARN_SUSPICIOUS_MOVE = YES;
				CLANG_WARN_UNGUARDED_AVAILABILITY = YES_AGGRESSIVE;
				CLANG_WARN_UNREACHABLE_CODE = YES;
				CLANG_WARN__DUPLICATE_METHOD_MATCH = YES;
				COPY_PHASE_STRIP = NO;
				DEBUG_INFORMATION_FORMAT = dwarf;
				ENABLE_STRICT_OBJC_MSGSEND = YES;
				ENABLE_TESTABILITY = YES;
				GCC_C_LANGUAGE_STANDARD = gnu11;
				GCC_DYNAMIC_NO_PIC = NO;
				GCC_NO_COMMON_BLOCKS = YES;
				GCC_OPTIMIZATION_LEVEL = 0;
				GCC_PREPROCESSOR_DEFINITIONS = (
					"DEBUG=1",
					"$(inherited)",
				);
				GCC_WARN_64_TO_32_BIT_CONVERSION = YES;
				GCC_WARN_ABOUT_RETURN_TYPE = YES_ERROR;
				GCC_WARN_UNDECLARED_SELECTOR = YES;
				GCC_WARN_UNINITIALIZED_AUTOS = YES_AGGRESSIVE;
				GCC_WARN_UNUSED_FUNCTION = YES;
				GCC_WARN_UNUSED_VARIABLE = YES;
				IPHONEOS_DEPLOYMENT_TARGET = 13.7;
				MTL_ENABLE_DEBUG_INFO = INCLUDE_SOURCE;
				MTL_FAST_MATH = YES;
				ONLY_ACTIVE_ARCH = YES;
				SDKROOT = iphoneos;
				SWIFT_ACTIVE_COMPILATION_CONDITIONS = DEBUG;
				SWIFT_OPTIMIZATION_LEVEL = "-Onone";
			};
			name = Debug;
		};
		AD73C7DE2555131E00CE081F /* Release */ = {
			isa = XCBuildConfiguration;
			buildSettings = {
				ALWAYS_SEARCH_USER_PATHS = NO;
				CLANG_ANALYZER_NONNULL = YES;
				CLANG_ANALYZER_NUMBER_OBJECT_CONVERSION = YES_AGGRESSIVE;
				CLANG_CXX_LANGUAGE_STANDARD = "gnu++14";
				CLANG_CXX_LIBRARY = "libc++";
				CLANG_ENABLE_MODULES = YES;
				CLANG_ENABLE_OBJC_ARC = YES;
				CLANG_ENABLE_OBJC_WEAK = YES;
				CLANG_WARN_BLOCK_CAPTURE_AUTORELEASING = YES;
				CLANG_WARN_BOOL_CONVERSION = YES;
				CLANG_WARN_COMMA = YES;
				CLANG_WARN_CONSTANT_CONVERSION = YES;
				CLANG_WARN_DEPRECATED_OBJC_IMPLEMENTATIONS = YES;
				CLANG_WARN_DIRECT_OBJC_ISA_USAGE = YES_ERROR;
				CLANG_WARN_DOCUMENTATION_COMMENTS = YES;
				CLANG_WARN_EMPTY_BODY = YES;
				CLANG_WARN_ENUM_CONVERSION = YES;
				CLANG_WARN_INFINITE_RECURSION = YES;
				CLANG_WARN_INT_CONVERSION = YES;
				CLANG_WARN_NON_LITERAL_NULL_CONVERSION = YES;
				CLANG_WARN_OBJC_IMPLICIT_RETAIN_SELF = YES;
				CLANG_WARN_OBJC_LITERAL_CONVERSION = YES;
				CLANG_WARN_OBJC_ROOT_CLASS = YES_ERROR;
				CLANG_WARN_RANGE_LOOP_ANALYSIS = YES;
				CLANG_WARN_STRICT_PROTOTYPES = YES;
				CLANG_WARN_SUSPICIOUS_MOVE = YES;
				CLANG_WARN_UNGUARDED_AVAILABILITY = YES_AGGRESSIVE;
				CLANG_WARN_UNREACHABLE_CODE = YES;
				CLANG_WARN__DUPLICATE_METHOD_MATCH = YES;
				COPY_PHASE_STRIP = NO;
				DEBUG_INFORMATION_FORMAT = "dwarf-with-dsym";
				ENABLE_NS_ASSERTIONS = NO;
				ENABLE_STRICT_OBJC_MSGSEND = YES;
				GCC_C_LANGUAGE_STANDARD = gnu11;
				GCC_NO_COMMON_BLOCKS = YES;
				GCC_WARN_64_TO_32_BIT_CONVERSION = YES;
				GCC_WARN_ABOUT_RETURN_TYPE = YES_ERROR;
				GCC_WARN_UNDECLARED_SELECTOR = YES;
				GCC_WARN_UNINITIALIZED_AUTOS = YES_AGGRESSIVE;
				GCC_WARN_UNUSED_FUNCTION = YES;
				GCC_WARN_UNUSED_VARIABLE = YES;
				IPHONEOS_DEPLOYMENT_TARGET = 13.7;
				MTL_ENABLE_DEBUG_INFO = NO;
				MTL_FAST_MATH = YES;
				SDKROOT = iphoneos;
				SWIFT_COMPILATION_MODE = wholemodule;
				SWIFT_OPTIMIZATION_LEVEL = "-O";
				VALIDATE_PRODUCT = YES;
			};
			name = Release;
		};
		AD73C7E02555131E00CE081F /* Debug */ = {
			isa = XCBuildConfiguration;
			buildSettings = {
				ASSETCATALOG_COMPILER_APPICON_NAME = AppIcon;
				CODE_SIGN_STYLE = Automatic;
				DEVELOPMENT_ASSET_PATHS = "\"Particle/Preview Content\"";
				DEVELOPMENT_TEAM = K45Y8D35T5;
				ENABLE_PREVIEWS = YES;
				INFOPLIST_FILE = Particle/Info.plist;
				IPHONEOS_DEPLOYMENT_TARGET = 11.0;
				LD_RUNPATH_SEARCH_PATHS = (
					"$(inherited)",
					"@executable_path/Frameworks",
				);
				PRODUCT_BUNDLE_IDENTIFIER = demianProd.Particle;
				PRODUCT_NAME = "$(TARGET_NAME)";
				SWIFT_VERSION = 5.0;
				TARGETED_DEVICE_FAMILY = "1,2";
			};
			name = Debug;
		};
		AD73C7E12555131E00CE081F /* Release */ = {
			isa = XCBuildConfiguration;
			buildSettings = {
				ASSETCATALOG_COMPILER_APPICON_NAME = AppIcon;
				CODE_SIGN_STYLE = Automatic;
				DEVELOPMENT_ASSET_PATHS = "\"Particle/Preview Content\"";
				DEVELOPMENT_TEAM = K45Y8D35T5;
				ENABLE_PREVIEWS = YES;
				INFOPLIST_FILE = Particle/Info.plist;
				IPHONEOS_DEPLOYMENT_TARGET = 11.0;
				LD_RUNPATH_SEARCH_PATHS = (
					"$(inherited)",
					"@executable_path/Frameworks",
				);
				PRODUCT_BUNDLE_IDENTIFIER = demianProd.Particle;
				PRODUCT_NAME = "$(TARGET_NAME)";
				SWIFT_VERSION = 5.0;
				TARGETED_DEVICE_FAMILY = "1,2";
			};
			name = Release;
		};
		AD73C7E32555131E00CE081F /* Debug */ = {
			isa = XCBuildConfiguration;
			buildSettings = {
				ALWAYS_EMBED_SWIFT_STANDARD_LIBRARIES = YES;
				BUNDLE_LOADER = "$(TEST_HOST)";
				CODE_SIGN_STYLE = Automatic;
				DEVELOPMENT_TEAM = K45Y8D35T5;
				INFOPLIST_FILE = ParticleTests/Info.plist;
				IPHONEOS_DEPLOYMENT_TARGET = 13.7;
				LD_RUNPATH_SEARCH_PATHS = (
					"$(inherited)",
					"@executable_path/Frameworks",
					"@loader_path/Frameworks",
				);
				PRODUCT_BUNDLE_IDENTIFIER = demianProd.ParticleTests;
				PRODUCT_NAME = "$(TARGET_NAME)";
				SWIFT_VERSION = 5.0;
				TARGETED_DEVICE_FAMILY = "1,2";
				TEST_HOST = "$(BUILT_PRODUCTS_DIR)/Particle.app/Particle";
			};
			name = Debug;
		};
		AD73C7E42555131E00CE081F /* Release */ = {
			isa = XCBuildConfiguration;
			buildSettings = {
				ALWAYS_EMBED_SWIFT_STANDARD_LIBRARIES = YES;
				BUNDLE_LOADER = "$(TEST_HOST)";
				CODE_SIGN_STYLE = Automatic;
				DEVELOPMENT_TEAM = K45Y8D35T5;
				INFOPLIST_FILE = ParticleTests/Info.plist;
				IPHONEOS_DEPLOYMENT_TARGET = 13.7;
				LD_RUNPATH_SEARCH_PATHS = (
					"$(inherited)",
					"@executable_path/Frameworks",
					"@loader_path/Frameworks",
				);
				PRODUCT_BUNDLE_IDENTIFIER = demianProd.ParticleTests;
				PRODUCT_NAME = "$(TARGET_NAME)";
				SWIFT_VERSION = 5.0;
				TARGETED_DEVICE_FAMILY = "1,2";
				TEST_HOST = "$(BUILT_PRODUCTS_DIR)/Particle.app/Particle";
			};
			name = Release;
		};
		AD73C7E62555131E00CE081F /* Debug */ = {
			isa = XCBuildConfiguration;
			buildSettings = {
				ALWAYS_EMBED_SWIFT_STANDARD_LIBRARIES = YES;
				CODE_SIGN_STYLE = Automatic;
				DEVELOPMENT_TEAM = K45Y8D35T5;
				INFOPLIST_FILE = ParticleUITests/Info.plist;
				LD_RUNPATH_SEARCH_PATHS = (
					"$(inherited)",
					"@executable_path/Frameworks",
					"@loader_path/Frameworks",
				);
				PRODUCT_BUNDLE_IDENTIFIER = demianProd.ParticleUITests;
				PRODUCT_NAME = "$(TARGET_NAME)";
				SWIFT_VERSION = 5.0;
				TARGETED_DEVICE_FAMILY = "1,2";
				TEST_TARGET_NAME = Particle;
			};
			name = Debug;
		};
		AD73C7E72555131E00CE081F /* Release */ = {
			isa = XCBuildConfiguration;
			buildSettings = {
				ALWAYS_EMBED_SWIFT_STANDARD_LIBRARIES = YES;
				CODE_SIGN_STYLE = Automatic;
				DEVELOPMENT_TEAM = K45Y8D35T5;
				INFOPLIST_FILE = ParticleUITests/Info.plist;
				LD_RUNPATH_SEARCH_PATHS = (
					"$(inherited)",
					"@executable_path/Frameworks",
					"@loader_path/Frameworks",
				);
				PRODUCT_BUNDLE_IDENTIFIER = demianProd.ParticleUITests;
				PRODUCT_NAME = "$(TARGET_NAME)";
				SWIFT_VERSION = 5.0;
				TARGETED_DEVICE_FAMILY = "1,2";
				TEST_TARGET_NAME = Particle;
			};
			name = Release;
		};
/* End XCBuildConfiguration section */

/* Begin XCConfigurationList section */
		AD73C7B02555131B00CE081F /* Build configuration list for PBXProject "Particle" */ = {
			isa = XCConfigurationList;
			buildConfigurations = (
				AD73C7DD2555131E00CE081F /* Debug */,
				AD73C7DE2555131E00CE081F /* Release */,
			);
			defaultConfigurationIsVisible = 0;
			defaultConfigurationName = Release;
		};
		AD73C7DF2555131E00CE081F /* Build configuration list for PBXNativeTarget "Particle" */ = {
			isa = XCConfigurationList;
			buildConfigurations = (
				AD73C7E02555131E00CE081F /* Debug */,
				AD73C7E12555131E00CE081F /* Release */,
			);
			defaultConfigurationIsVisible = 0;
			defaultConfigurationName = Release;
		};
		AD73C7E22555131E00CE081F /* Build configuration list for PBXNativeTarget "ParticleTests" */ = {
			isa = XCConfigurationList;
			buildConfigurations = (
				AD73C7E32555131E00CE081F /* Debug */,
				AD73C7E42555131E00CE081F /* Release */,
			);
			defaultConfigurationIsVisible = 0;
			defaultConfigurationName = Release;
		};
		AD73C7E52555131E00CE081F /* Build configuration list for PBXNativeTarget "ParticleUITests" */ = {
			isa = XCConfigurationList;
			buildConfigurations = (
				AD73C7E62555131E00CE081F /* Debug */,
				AD73C7E72555131E00CE081F /* Release */,
			);
			defaultConfigurationIsVisible = 0;
			defaultConfigurationName = Release;
		};
/* End XCConfigurationList section */
	};
	rootObject = AD73C7AD2555131B00CE081F /* Project object */;
}
